// !$*UTF8*$!
{
	archiveVersion = 1;
	classes = {
	};
	objectVersion = 55;
	objects = {

/* Begin PBXBuildFile section */
		6B831DFB28519ABB0001C250 /* AppDelegate.swift in Sources */ = {isa = PBXBuildFile; fileRef = 6B831DFA28519ABB0001C250 /* AppDelegate.swift */; };
		6B831DFD28519ABB0001C250 /* SceneDelegate.swift in Sources */ = {isa = PBXBuildFile; fileRef = 6B831DFC28519ABB0001C250 /* SceneDelegate.swift */; };
		6B831E0228519ABB0001C250 /* Main.storyboard in Resources */ = {isa = PBXBuildFile; fileRef = 6B831E0028519ABB0001C250 /* Main.storyboard */; };
		6B831E0428519ABC0001C250 /* Assets.xcassets in Resources */ = {isa = PBXBuildFile; fileRef = 6B831E0328519ABC0001C250 /* Assets.xcassets */; };
		6B831E0728519ABC0001C250 /* LaunchScreen.storyboard in Resources */ = {isa = PBXBuildFile; fileRef = 6B831E0528519ABC0001C250 /* LaunchScreen.storyboard */; };
		6B831E0F28519B600001C250 /* ScannerViewController.swift in Sources */ = {isa = PBXBuildFile; fileRef = 6B831E0E28519B600001C250 /* ScannerViewController.swift */; };
		6B831E112851A0C20001C250 /* request.swift in Sources */ = {isa = PBXBuildFile; fileRef = 6B831E102851A0C20001C250 /* request.swift */; };
		6B831E132851C0BA0001C250 /* getinfo.swift in Sources */ = {isa = PBXBuildFile; fileRef = 6B831E122851C0BA0001C250 /* getinfo.swift */; };
/* End PBXBuildFile section */

/* Begin PBXFileReference section */
		6B831DF728519ABB0001C250 /* QRCode Scanner.app */ = {isa = PBXFileReference; explicitFileType = wrapper.application; includeInIndex = 0; path = "QRCode Scanner.app"; sourceTree = BUILT_PRODUCTS_DIR; };
		6B831DFA28519ABB0001C250 /* AppDelegate.swift */ = {isa = PBXFileReference; lastKnownFileType = sourcecode.swift; path = AppDelegate.swift; sourceTree = "<group>"; };
		6B831DFC28519ABB0001C250 /* SceneDelegate.swift */ = {isa = PBXFileReference; lastKnownFileType = sourcecode.swift; path = SceneDelegate.swift; sourceTree = "<group>"; };
		6B831E0128519ABB0001C250 /* Base */ = {isa = PBXFileReference; lastKnownFileType = file.storyboard; name = Base; path = Base.lproj/Main.storyboard; sourceTree = "<group>"; };
		6B831E0328519ABC0001C250 /* Assets.xcassets */ = {isa = PBXFileReference; lastKnownFileType = folder.assetcatalog; path = Assets.xcassets; sourceTree = "<group>"; };
		6B831E0628519ABC0001C250 /* Base */ = {isa = PBXFileReference; lastKnownFileType = file.storyboard; name = Base; path = Base.lproj/LaunchScreen.storyboard; sourceTree = "<group>"; };
		6B831E0828519ABC0001C250 /* Info.plist */ = {isa = PBXFileReference; lastKnownFileType = text.plist.xml; path = Info.plist; sourceTree = "<group>"; };
		6B831E0E28519B600001C250 /* ScannerViewController.swift */ = {isa = PBXFileReference; lastKnownFileType = sourcecode.swift; path = ScannerViewController.swift; sourceTree = "<group>"; };
		6B831E102851A0C20001C250 /* request.swift */ = {isa = PBXFileReference; lastKnownFileType = sourcecode.swift; path = request.swift; sourceTree = "<group>"; };
		6B831E122851C0BA0001C250 /* getinfo.swift */ = {isa = PBXFileReference; lastKnownFileType = sourcecode.swift; path = getinfo.swift; sourceTree = "<group>"; };
/* End PBXFileReference section */

/* Begin PBXFrameworksBuildPhase section */
		6B831DF428519ABB0001C250 /* Frameworks */ = {
			isa = PBXFrameworksBuildPhase;
			buildActionMask = 2147483647;
			files = (
			);
			runOnlyForDeploymentPostprocessing = 0;
		};
/* End PBXFrameworksBuildPhase section */

/* Begin PBXGroup section */
		6B831DEE28519ABB0001C250 = {
			isa = PBXGroup;
			children = (
				6B831DF928519ABB0001C250 /* QRCode Scanner */,
				6B831DF828519ABB0001C250 /* Products */,
			);
			sourceTree = "<group>";
		};
		6B831DF828519ABB0001C250 /* Products */ = {
			isa = PBXGroup;
			children = (
				6B831DF728519ABB0001C250 /* QRCode Scanner.app */,
			);
			name = Products;
			sourceTree = "<group>";
		};
		6B831DF928519ABB0001C250 /* QRCode Scanner */ = {
			isa = PBXGroup;
			children = (
				6B831DFA28519ABB0001C250 /* AppDelegate.swift */,
				6B831DFC28519ABB0001C250 /* SceneDelegate.swift */,
				6B831E0028519ABB0001C250 /* Main.storyboard */,
				6B831E0E28519B600001C250 /* ScannerViewController.swift */,
				6B831E102851A0C20001C250 /* request.swift */,
				6B831E122851C0BA0001C250 /* getinfo.swift */,
				6B831E0328519ABC0001C250 /* Assets.xcassets */,
				6B831E0528519ABC0001C250 /* LaunchScreen.storyboard */,
				6B831E0828519ABC0001C250 /* Info.plist */,
			);
			path = "QRCode Scanner";
			sourceTree = "<group>";
		};
/* End PBXGroup section */

/* Begin PBXNativeTarget section */
		6B831DF628519ABB0001C250 /* QRCode Scanner */ = {
			isa = PBXNativeTarget;
			buildConfigurationList = 6B831E0B28519ABC0001C250 /* Build configuration list for PBXNativeTarget "QRCode Scanner" */;
			buildPhases = (
				6B831DF328519ABB0001C250 /* Sources */,
				6B831DF428519ABB0001C250 /* Frameworks */,
				6B831DF528519ABB0001C250 /* Resources */,
			);
			buildRules = (
			);
			dependencies = (
			);
			name = "QRCode Scanner";
			productName = "QRCode Scanner";
			productReference = 6B831DF728519ABB0001C250 /* QRCode Scanner.app */;
			productType = "com.apple.product-type.application";
		};
/* End PBXNativeTarget section */

/* Begin PBXProject section */
		6B831DEF28519ABB0001C250 /* Project object */ = {
			isa = PBXProject;
			attributes = {
				BuildIndependentTargetsInParallel = 1;
				LastSwiftUpdateCheck = 1340;
				LastUpgradeCheck = 1340;
				TargetAttributes = {
					6B831DF628519ABB0001C250 = {
						CreatedOnToolsVersion = 13.4.1;
					};
				};
			};
			buildConfigurationList = 6B831DF228519ABB0001C250 /* Build configuration list for PBXProject "QRCode Scanner" */;
			compatibilityVersion = "Xcode 13.0";
			developmentRegion = en;
			hasScannedForEncodings = 0;
			knownRegions = (
				en,
				Base,
			);
			mainGroup = 6B831DEE28519ABB0001C250;
			productRefGroup = 6B831DF828519ABB0001C250 /* Products */;
			projectDirPath = "";
			projectRoot = "";
			targets = (
				6B831DF628519ABB0001C250 /* QRCode Scanner */,
			);
		};
/* End PBXProject section */

/* Begin PBXResourcesBuildPhase section */
		6B831DF528519ABB0001C250 /* Resources */ = {
			isa = PBXResourcesBuildPhase;
			buildActionMask = 2147483647;
			files = (
				6B831E0728519ABC0001C250 /* LaunchScreen.storyboard in Resources */,
				6B831E0428519ABC0001C250 /* Assets.xcassets in Resources */,
				6B831E0228519ABB0001C250 /* Main.storyboard in Resources */,
			);
			runOnlyForDeploymentPostprocessing = 0;
		};
/* End PBXResourcesBuildPhase section */

/* Begin PBXSourcesBuildPhase section */
		6B831DF328519ABB0001C250 /* Sources */ = {
			isa = PBXSourcesBuildPhase;
			buildActionMask = 2147483647;
			files = (
				6B831E132851C0BA0001C250 /* getinfo.swift in Sources */,
				6B831DFB28519ABB0001C250 /* AppDelegate.swift in Sources */,
				6B831E112851A0C20001C250 /* request.swift in Sources */,
				6B831E0F28519B600001C250 /* ScannerViewController.swift in Sources */,
				6B831DFD28519ABB0001C250 /* SceneDelegate.swift in Sources */,
			);
			runOnlyForDeploymentPostprocessing = 0;
		};
/* End PBXSourcesBuildPhase section */

/* Begin PBXVariantGroup section */
		6B831E0028519ABB0001C250 /* Main.storyboard */ = {
			isa = PBXVariantGroup;
			children = (
				6B831E0128519ABB0001C250 /* Base */,
			);
			name = Main.storyboard;
			sourceTree = "<group>";
		};
		6B831E0528519ABC0001C250 /* LaunchScreen.storyboard */ = {
			isa = PBXVariantGroup;
			children = (
				6B831E0628519ABC0001C250 /* Base */,
			);
			name = LaunchScreen.storyboard;
			sourceTree = "<group>";
		};
/* End PBXVariantGroup section */

/* Begin XCBuildConfiguration section */
		6B831E0928519ABC0001C250 /* Debug */ = {
			isa = XCBuildConfiguration;
			buildSettings = {
				ALWAYS_SEARCH_USER_PATHS = NO;
				CLANG_ANALYZER_NONNULL = YES;
				CLANG_ANALYZER_NUMBER_OBJECT_CONVERSION = YES_AGGRESSIVE;
				CLANG_CXX_LANGUAGE_STANDARD = "gnu++17";
				CLANG_ENABLE_MODULES = YES;
				CLANG_ENABLE_OBJC_ARC = YES;
				CLANG_ENABLE_OBJC_WEAK = YES;
				CLANG_WARN_BLOCK_CAPTURE_AUTORELEASING = YES;
				CLANG_WARN_BOOL_CONVERSION = YES;
				CLANG_WARN_COMMA = YES;
				CLANG_WARN_CONSTANT_CONVERSION = YES;
				CLANG_WARN_DEPRECATED_OBJC_IMPLEMENTATIONS = YES;
				CLANG_WARN_DIRECT_OBJC_ISA_USAGE = YES_ERROR;
				CLANG_WARN_DOCUMENTATION_COMMENTS = YES;
				CLANG_WARN_EMPTY_BODY = YES;
				CLANG_WARN_ENUM_CONVERSION = YES;
				CLANG_WARN_INFINITE_RECURSION = YES;
				CLANG_WARN_INT_CONVERSION = YES;
				CLANG_WARN_NON_LITERAL_NULL_CONVERSION = YES;
				CLANG_WARN_OBJC_IMPLICIT_RETAIN_SELF = YES;
				CLANG_WARN_OBJC_LITERAL_CONVERSION = YES;
				CLANG_WARN_OBJC_ROOT_CLASS = YES_ERROR;
				CLANG_WARN_QUOTED_INCLUDE_IN_FRAMEWORK_HEADER = YES;
				CLANG_WARN_RANGE_LOOP_ANALYSIS = YES;
				CLANG_WARN_STRICT_PROTOTYPES = YES;
				CLANG_WARN_SUSPICIOUS_MOVE = YES;
				CLANG_WARN_UNGUARDED_AVAILABILITY = YES_AGGRESSIVE;
				CLANG_WARN_UNREACHABLE_CODE = YES;
				CLANG_WARN__DUPLICATE_METHOD_MATCH = YES;
				COPY_PHASE_STRIP = NO;
				DEBUG_INFORMATION_FORMAT = dwarf;
				ENABLE_STRICT_OBJC_MSGSEND = YES;
				ENABLE_TESTABILITY = YES;
				GCC_C_LANGUAGE_STANDARD = gnu11;
				GCC_DYNAMIC_NO_PIC = NO;
				GCC_NO_COMMON_BLOCKS = YES;
				GCC_OPTIMIZATION_LEVEL = 0;
				GCC_PREPROCESSOR_DEFINITIONS = (
					"DEBUG=1",
					"$(inherited)",
				);
				GCC_WARN_64_TO_32_BIT_CONVERSION = YES;
				GCC_WARN_ABOUT_RETURN_TYPE = YES_ERROR;
				GCC_WARN_UNDECLARED_SELECTOR = YES;
				GCC_WARN_UNINITIALIZED_AUTOS = YES_AGGRESSIVE;
				GCC_WARN_UNUSED_FUNCTION = YES;
				GCC_WARN_UNUSED_VARIABLE = YES;
				IPHONEOS_DEPLOYMENT_TARGET = 15.5;
				MTL_ENABLE_DEBUG_INFO = INCLUDE_SOURCE;
				MTL_FAST_MATH = YES;
				ONLY_ACTIVE_ARCH = YES;
				SDKROOT = iphoneos;
				SWIFT_ACTIVE_COMPILATION_CONDITIONS = DEBUG;
				SWIFT_OPTIMIZATION_LEVEL = "-Onone";
			};
			name = Debug;
		};
		6B831E0A28519ABC0001C250 /* Release */ = {
			isa = XCBuildConfiguration;
			buildSettings = {
				ALWAYS_SEARCH_USER_PATHS = NO;
				CLANG_ANALYZER_NONNULL = YES;
				CLANG_ANALYZER_NUMBER_OBJECT_CONVERSION = YES_AGGRESSIVE;
				CLANG_CXX_LANGUAGE_STANDARD = "gnu++17";
				CLANG_ENABLE_MODULES = YES;
				CLANG_ENABLE_OBJC_ARC = YES;
				CLANG_ENABLE_OBJC_WEAK = YES;
				CLANG_WARN_BLOCK_CAPTURE_AUTORELEASING = YES;
				CLANG_WARN_BOOL_CONVERSION = YES;
				CLANG_WARN_COMMA = YES;
				CLANG_WARN_CONSTANT_CONVERSION = YES;
				CLANG_WARN_DEPRECATED_OBJC_IMPLEMENTATIONS = YES;
				CLANG_WARN_DIRECT_OBJC_ISA_USAGE = YES_ERROR;
				CLANG_WARN_DOCUMENTATION_COMMENTS = YES;
				CLANG_WARN_EMPTY_BODY = YES;
				CLANG_WARN_ENUM_CONVERSION = YES;
				CLANG_WARN_INFINITE_RECURSION = YES;
				CLANG_WARN_INT_CONVERSION = YES;
				CLANG_WARN_NON_LITERAL_NULL_CONVERSION = YES;
				CLANG_WARN_OBJC_IMPLICIT_RETAIN_SELF = YES;
				CLANG_WARN_OBJC_LITERAL_CONVERSION = YES;
				CLANG_WARN_OBJC_ROOT_CLASS = YES_ERROR;
				CLANG_WARN_QUOTED_INCLUDE_IN_FRAMEWORK_HEADER = YES;
				CLANG_WARN_RANGE_LOOP_ANALYSIS = YES;
				CLANG_WARN_STRICT_PROTOTYPES = YES;
				CLANG_WARN_SUSPICIOUS_MOVE = YES;
				CLANG_WARN_UNGUARDED_AVAILABILITY = YES_AGGRESSIVE;
				CLANG_WARN_UNREACHABLE_CODE = YES;
				CLANG_WARN__DUPLICATE_METHOD_MATCH = YES;
				COPY_PHASE_STRIP = NO;
				DEBUG_INFORMATION_FORMAT = "dwarf-with-dsym";
				ENABLE_NS_ASSERTIONS = NO;
				ENABLE_STRICT_OBJC_MSGSEND = YES;
				GCC_C_LANGUAGE_STANDARD = gnu11;
				GCC_NO_COMMON_BLOCKS = YES;
				GCC_WARN_64_TO_32_BIT_CONVERSION = YES;
				GCC_WARN_ABOUT_RETURN_TYPE = YES_ERROR;
				GCC_WARN_UNDECLARED_SELECTOR = YES;
				GCC_WARN_UNINITIALIZED_AUTOS = YES_AGGRESSIVE;
				GCC_WARN_UNUSED_FUNCTION = YES;
				GCC_WARN_UNUSED_VARIABLE = YES;
				IPHONEOS_DEPLOYMENT_TARGET = 15.5;
				MTL_ENABLE_DEBUG_INFO = NO;
				MTL_FAST_MATH = YES;
				SDKROOT = iphoneos;
				SWIFT_COMPILATION_MODE = wholemodule;
				SWIFT_OPTIMIZATION_LEVEL = "-O";
				VALIDATE_PRODUCT = YES;
			};
			name = Release;
		};
		6B831E0C28519ABC0001C250 /* Debug */ = {
			isa = XCBuildConfiguration;
			buildSettings = {
				ASSETCATALOG_COMPILER_APPICON_NAME = AppIcon;
				ASSETCATALOG_COMPILER_GLOBAL_ACCENT_COLOR_NAME = AccentColor;
				CODE_SIGN_STYLE = Automatic;
				CURRENT_PROJECT_VERSION = 1;
				DEVELOPMENT_TEAM = LTZ375ZZS3;
				GENERATE_INFOPLIST_FILE = YES;
				INFOPLIST_FILE = "QRCode Scanner/Info.plist";
				INFOPLIST_KEY_CFBundleDisplayName = "TNCC Scanner";
				INFOPLIST_KEY_NSCameraUsageDescription = "允許使用相機";
				INFOPLIST_KEY_UIApplicationSupportsIndirectInputEvents = YES;
				INFOPLIST_KEY_UILaunchStoryboardName = LaunchScreen;
				INFOPLIST_KEY_UIMainStoryboardFile = Main;
				INFOPLIST_KEY_UISupportedInterfaceOrientations_iPad = "UIInterfaceOrientationPortrait UIInterfaceOrientationPortraitUpsideDown UIInterfaceOrientationLandscapeLeft UIInterfaceOrientationLandscapeRight";
				INFOPLIST_KEY_UISupportedInterfaceOrientations_iPhone = "UIInterfaceOrientationPortrait UIInterfaceOrientationLandscapeLeft UIInterfaceOrientationLandscapeRight";
				LD_RUNPATH_SEARCH_PATHS = (
					"$(inherited)",
					"@executable_path/Frameworks",
				);
				MARKETING_VERSION = 1.0;
				PRODUCT_BUNDLE_IDENTIFIER = "com.JT.QRCode-Scanner";
				PRODUCT_NAME = "$(TARGET_NAME)";
				SWIFT_EMIT_LOC_STRINGS = YES;
				SWIFT_VERSION = 5.0;
				TARGETED_DEVICE_FAMILY = "1,2";
			};
			name = Debug;
		};
		6B831E0D28519ABC0001C250 /* Release */ = {
			isa = XCBuildConfiguration;
			buildSettings = {
				ASSETCATALOG_COMPILER_APPICON_NAME = AppIcon;
				ASSETCATALOG_COMPILER_GLOBAL_ACCENT_COLOR_NAME = AccentColor;
				CODE_SIGN_STYLE = Automatic;
				CURRENT_PROJECT_VERSION = 1;
				DEVELOPMENT_TEAM = LTZ375ZZS3;
				GENERATE_INFOPLIST_FILE = YES;
				INFOPLIST_FILE = "QRCode Scanner/Info.plist";
				INFOPLIST_KEY_CFBundleDisplayName = "TNCC Scanner";
				INFOPLIST_KEY_NSCameraUsageDescription = "允許使用相機";
				INFOPLIST_KEY_UIApplicationSupportsIndirectInputEvents = YES;
				INFOPLIST_KEY_UILaunchStoryboardName = LaunchScreen;
				INFOPLIST_KEY_UIMainStoryboardFile = Main;
				INFOPLIST_KEY_UISupportedInterfaceOrientations_iPad = "UIInterfaceOrientationPortrait UIInterfaceOrientationPortraitUpsideDown UIInterfaceOrientationLandscapeLeft UIInterfaceOrientationLandscapeRight";
				INFOPLIST_KEY_UISupportedInterfaceOrientations_iPhone = "UIInterfaceOrientationPortrait UIInterfaceOrientationLandscapeLeft UIInterfaceOrientationLandscapeRight";
				LD_RUNPATH_SEARCH_PATHS = (
					"$(inherited)",
					"@executable_path/Frameworks",
				);
				MARKETING_VERSION = 1.0;
				PRODUCT_BUNDLE_IDENTIFIER = "com.JT.QRCode-Scanner";
				PRODUCT_NAME = "$(TARGET_NAME)";
				SWIFT_EMIT_LOC_STRINGS = YES;
				SWIFT_VERSION = 5.0;
				TARGETED_DEVICE_FAMILY = "1,2";
			};
			name = Release;
		};
/* End XCBuildConfiguration section */

/* Begin XCConfigurationList section */
		6B831DF228519ABB0001C250 /* Build configuration list for PBXProject "QRCode Scanner" */ = {
			isa = XCConfigurationList;
			buildConfigurations = (
				6B831E0928519ABC0001C250 /* Debug */,
				6B831E0A28519ABC0001C250 /* Release */,
			);
			defaultConfigurationIsVisible = 0;
			defaultConfigurationName = Release;
		};
		6B831E0B28519ABC0001C250 /* Build configuration list for PBXNativeTarget "QRCode Scanner" */ = {
			isa = XCConfigurationList;
			buildConfigurations = (
				6B831E0C28519ABC0001C250 /* Debug */,
				6B831E0D28519ABC0001C250 /* Release */,
			);
			defaultConfigurationIsVisible = 0;
			defaultConfigurationName = Release;
		};
/* End XCConfigurationList section */
	};
	rootObject = 6B831DEF28519ABB0001C250 /* Project object */;
}
